Microsoft Visual Studio Solution File, Format Version 12.00
# Visual Studio 15
VisualStudioVersion = 15.0.26020.0
MinimumVisualStudioVersion = 10.0.40219.1
Project("{FAE04EC0-301F-11D3-BF4B-00C04F79EFBC}") = "MQRabbit", "MQRabbit.csproj", "{F53543DA-493E-4215-8D2B-25089889C002}"
EndProject
Global
	GlobalSection(SolutionConfigurationPlatforms) = preSolution
		Debug|Any CPU = Debug|Any CPU
		Debug|x86 = Debug|x86
		Release|Any CPU = Release|Any CPU
		Release|x86 = Release|x86
	EndGlobalSection
	GlobalSection(ProjectConfigurationPlatforms) = postSolution
		{F53543DA-493E-4215-8D2B-25089889C002}.Debug|Any CPU.ActiveCfg = Debug|Any CPU
		{F53543DA-493E-4215-8D2B-25089889C002}.Debug|Any CPU.Build.0 = Debug|Any CPU
		{F53543DA-493E-4215-8D2B-25089889C002}.Debug|x86.ActiveCfg = Debug|x86
		{F53543DA-493E-4215-8D2B-25089889C002}.Debug|x86.Build.0 = Debug|x86
		{F53543DA-493E-4215-8D2B-25089889C002}.Release|Any CPU.ActiveCfg = Release|Any CPU
		{F53543DA-493E-4215-8D2B-25089889C002}.Release|Any CPU.Build.0 = Release|Any CPU
		{F53543DA-493E-4215-8D2B-25089889C002}.Release|x86.ActiveCfg = Release|x86
		{F53543DA-493E-4215-8D2B-25089889C002}.Release|x86.Build.0 = Release|x86
	EndGlobalSection
	GlobalSection(SolutionProperties) = preSolution
		HideSolutionNode = FALSE
	EndGlobalSection
	GlobalSection(ExtensibilityGlobals) = postSolution
		SolutionGuid = {3F4C02DB-6913-4187-A5AD-4BF43D7106DD}
	EndGlobalSection
EndGlobal
